
Microsoft Visual Studio Solution File, Format Version 12.00
# Visual Studio Version 17
VisualStudioVersion = 17.10.35122.118
MinimumVisualStudioVersion = 10.0.40219.1
Project("{FAE04EC0-301F-11D3-BF4B-00C04F79EFBC}") = "API", "API\API.csproj", "{391987F4-51BA-4353-A17D-B97FE3B9289C}"
EndProject
Global
	GlobalSection(SolutionConfigurationPlatforms) = preSolution
		Debug|Any CPU = Debug|Any CPU
		Release|Any CPU = Release|Any CPU
	EndGlobalSection
	GlobalSection(ProjectConfigurationPlatforms) = postSolution
		{391987F4-51BA-4353-A17D-B97FE3B9289C}.Debug|Any CPU.ActiveCfg = Debug|Any CPU
		{391987F4-51BA-4353-A17D-B97FE3B9289C}.Debug|Any CPU.Build.0 = Debug|Any CPU
		{391987F4-51BA-4353-A17D-B97FE3B9289C}.Release|Any CPU.ActiveCfg = Release|Any CPU
		{391987F4-51BA-4353-A17D-B97FE3B9289C}.Release|Any CPU.Build.0 = Release|Any CPU
	EndGlobalSection
	GlobalSection(SolutionProperties) = preSolution
		HideSolutionNode = FALSE
	EndGlobalSection
	GlobalSection(ExtensibilityGlobals) = postSolution
		SolutionGuid = {AFBD9D83-9599-420E-90FF-59930F32A494}
	EndGlobalSection
EndGlobal
